
Microsoft Visual Studio Solution File, Format Version 12.00
# Visual Studio Version 16
VisualStudioVersion = 16.0.30804.86
MinimumVisualStudioVersion = 10.0.40219.1
Project("{FAE04EC0-301F-11D3-BF4B-00C04F79EFBC}") = "DanskeIT.Day01", "DanskeIT.Day01.csproj", "{0805FECC-5245-4271-9ED9-22A40052A26F}"
EndProject
Global
	GlobalSection(SolutionConfigurationPlatforms) = preSolution
		Debug|Any CPU = Debug|Any CPU
		Release|Any CPU = Release|Any CPU
	EndGlobalSection
	GlobalSection(ProjectConfigurationPlatforms) = postSolution
		{0805FECC-5245-4271-9ED9-22A40052A26F}.Debug|Any CPU.ActiveCfg = Debug|Any CPU
		{0805FECC-5245-4271-9ED9-22A40052A26F}.Debug|Any CPU.Build.0 = Debug|Any CPU
		{0805FECC-5245-4271-9ED9-22A40052A26F}.Release|Any CPU.ActiveCfg = Release|Any CPU
		{0805FECC-5245-4271-9ED9-22A40052A26F}.Release|Any CPU.Build.0 = Release|Any CPU
	EndGlobalSection
	GlobalSection(SolutionProperties) = preSolution
		HideSolutionNode = FALSE
	EndGlobalSection
	GlobalSection(ExtensibilityGlobals) = postSolution
		SolutionGuid = {D17A100F-C3E2-48AD-A493-7AA76963F1A0}
	EndGlobalSection
EndGlobal
